{
  "name": "osu-packet",
  "version": "4.1.1",
  "lockfileVersion": 1,
  "requires": true,
  "dependencies": {
    "osu-buffer": {
      "version": "1.3.2",
      "resolved": "https://registry.npmjs.org/osu-buffer/-/osu-buffer-1.3.2.tgz",
      "integrity": "sha512-ZZ74vCjN45gwupssgv7AlZ4FPPqFeXZsZRtilzG/LzBloUYbK0MnoKfgqrCksGUdx2TlJT7r2K0lY8wnuUZxOg=="
    }
  }
}
