{
  "name": "osu-packet",
  "version": "2.0.0",
  "lockfileVersion": 1,
  "dependencies": {
    "osu-buffer": {
      "version": "1.2.3",
      "resolved": "https://registry.npmjs.org/osu-buffer/-/osu-buffer-1.2.3.tgz",
      "integrity": "sha512-z38jQKEEtvsjzQoEYXvTbn+w0GfpVn8ox/0kMglN8C80TCvGEMUrDZmOVnS/aN1Yjw/s0/0S1W8OENREanuPYg=="
    }
  }
}
